
Microsoft Visual Studio Solution File, Format Version 12.00
# Visual Studio 15
VisualStudioVersion = 15.0.28307.1231
MinimumVisualStudioVersion = 10.0.40219.1
Project("{FAE04EC0-301F-11D3-BF4B-00C04F79EFBC}") = "LynxTestApp", "LynxTestApp\LynxTestApp.csproj", "{FE5BB743-FABB-44B5-8D15-15DD6FA5D373}"
EndProject
Global
	GlobalSection(SolutionConfigurationPlatforms) = preSolution
		Debug|Any CPU = Debug|Any CPU
		Release|Any CPU = Release|Any CPU
	EndGlobalSection
	GlobalSection(ProjectConfigurationPlatforms) = postSolution
		{FE5BB743-FABB-44B5-8D15-15DD6FA5D373}.Debug|Any CPU.ActiveCfg = Debug|Any CPU
		{FE5BB743-FABB-44B5-8D15-15DD6FA5D373}.Debug|Any CPU.Build.0 = Debug|Any CPU
		{FE5BB743-FABB-44B5-8D15-15DD6FA5D373}.Release|Any CPU.ActiveCfg = Release|Any CPU
		{FE5BB743-FABB-44B5-8D15-15DD6FA5D373}.Release|Any CPU.Build.0 = Release|Any CPU
	EndGlobalSection
	GlobalSection(SolutionProperties) = preSolution
		HideSolutionNode = FALSE
	EndGlobalSection
	GlobalSection(ExtensibilityGlobals) = postSolution
		SolutionGuid = {66CA83F7-37B2-4C9D-BAFC-4DF962A0C100}
	EndGlobalSection
EndGlobal
